
Microsoft Visual Studio Solution File, Format Version 12.00
# Visual Studio Version 17
VisualStudioVersion = 17.9.34622.214
MinimumVisualStudioVersion = 10.0.40219.1
Project("{FAE04EC0-301F-11D3-BF4B-00C04F79EFBC}") = "oop_Factory", "oop_Factory\oop_Factory.csproj", "{1BE6D592-6031-445D-B389-E3C9A5037B9B}"
EndProject
Global
	GlobalSection(SolutionConfigurationPlatforms) = preSolution
		Debug|Any CPU = Debug|Any CPU
		Release|Any CPU = Release|Any CPU
	EndGlobalSection
	GlobalSection(ProjectConfigurationPlatforms) = postSolution
		{1BE6D592-6031-445D-B389-E3C9A5037B9B}.Debug|Any CPU.ActiveCfg = Debug|Any CPU
		{1BE6D592-6031-445D-B389-E3C9A5037B9B}.Debug|Any CPU.Build.0 = Debug|Any CPU
		{1BE6D592-6031-445D-B389-E3C9A5037B9B}.Release|Any CPU.ActiveCfg = Release|Any CPU
		{1BE6D592-6031-445D-B389-E3C9A5037B9B}.Release|Any CPU.Build.0 = Release|Any CPU
	EndGlobalSection
	GlobalSection(SolutionProperties) = preSolution
		HideSolutionNode = FALSE
	EndGlobalSection
	GlobalSection(ExtensibilityGlobals) = postSolution
		SolutionGuid = {358684C8-0708-4F04-AB98-E7D630761AFA}
	EndGlobalSection
EndGlobal
