
Microsoft Visual Studio Solution File, Format Version 12.00
# Visual Studio Version 17
VisualStudioVersion = 17.9.34622.214
MinimumVisualStudioVersion = 10.0.40219.1
Project("{FAE04EC0-301F-11D3-BF4B-00C04F79EFBC}") = "oop_donusum", "oop_donusum\oop_donusum.csproj", "{0C48E94D-8A53-4B2E-9884-1AF5D06A0567}"
EndProject
Global
	GlobalSection(SolutionConfigurationPlatforms) = preSolution
		Debug|Any CPU = Debug|Any CPU
		Release|Any CPU = Release|Any CPU
	EndGlobalSection
	GlobalSection(ProjectConfigurationPlatforms) = postSolution
		{0C48E94D-8A53-4B2E-9884-1AF5D06A0567}.Debug|Any CPU.ActiveCfg = Debug|Any CPU
		{0C48E94D-8A53-4B2E-9884-1AF5D06A0567}.Debug|Any CPU.Build.0 = Debug|Any CPU
		{0C48E94D-8A53-4B2E-9884-1AF5D06A0567}.Release|Any CPU.ActiveCfg = Release|Any CPU
		{0C48E94D-8A53-4B2E-9884-1AF5D06A0567}.Release|Any CPU.Build.0 = Release|Any CPU
	EndGlobalSection
	GlobalSection(SolutionProperties) = preSolution
		HideSolutionNode = FALSE
	EndGlobalSection
	GlobalSection(ExtensibilityGlobals) = postSolution
		SolutionGuid = {CDE2F616-9216-4053-99F5-18360D19F4E6}
	EndGlobalSection
EndGlobal
