
Microsoft Visual Studio Solution File, Format Version 12.00
# Visual Studio Version 17
VisualStudioVersion = 17.9.34622.214
MinimumVisualStudioVersion = 10.0.40219.1
Project("{FAE04EC0-301F-11D3-BF4B-00C04F79EFBC}") = "oop_ArrayStr", "oop_ArrayStr\oop_ArrayStr.csproj", "{0E7C50A2-A1BF-4A15-8D9E-C09CFF0EB692}"
EndProject
Global
	GlobalSection(SolutionConfigurationPlatforms) = preSolution
		Debug|Any CPU = Debug|Any CPU
		Release|Any CPU = Release|Any CPU
	EndGlobalSection
	GlobalSection(ProjectConfigurationPlatforms) = postSolution
		{0E7C50A2-A1BF-4A15-8D9E-C09CFF0EB692}.Debug|Any CPU.ActiveCfg = Debug|Any CPU
		{0E7C50A2-A1BF-4A15-8D9E-C09CFF0EB692}.Debug|Any CPU.Build.0 = Debug|Any CPU
		{0E7C50A2-A1BF-4A15-8D9E-C09CFF0EB692}.Release|Any CPU.ActiveCfg = Release|Any CPU
		{0E7C50A2-A1BF-4A15-8D9E-C09CFF0EB692}.Release|Any CPU.Build.0 = Release|Any CPU
	EndGlobalSection
	GlobalSection(SolutionProperties) = preSolution
		HideSolutionNode = FALSE
	EndGlobalSection
	GlobalSection(ExtensibilityGlobals) = postSolution
		SolutionGuid = {49CB93B7-3690-4884-8A32-D5B0B2147852}
	EndGlobalSection
EndGlobal
